
Microsoft Visual Studio Solution File, Format Version 12.00
# Visual Studio 2013
VisualStudioVersion = 12.0.30723.0
MinimumVisualStudioVersion = 10.0.40219.1
Project("{FAE04EC0-301F-11D3-BF4B-00C04F79EFBC}") = "Versioner", "Versioner\Versioner.csproj", "{A087015B-ADDF-4261-AA08-AD1CCE6165C6}"
EndProject
Project("{2150E333-8FDC-42A3-9474-1A3956D46DE8}") = "Solution Items", "Solution Items", "{78224D26-AF75-472E-A4A1-11A6E5E86FCB}"
	ProjectSection(SolutionItems) = preProject
		.gitignore = .gitignore
		LICENSE.txt = LICENSE.txt
		README.md = README.md
		Versioner\Versioner.nuspec = Versioner\Versioner.nuspec
	EndProjectSection
EndProject
Project("{FAE04EC0-301F-11D3-BF4B-00C04F79EFBC}") = "Versioner.Tests", "Versioner.Tests\Versioner.Tests.csproj", "{AF850423-0E70-4EA3-90EE-56E5D843AAD9}"
EndProject
Global
	GlobalSection(SolutionConfigurationPlatforms) = preSolution
		Debug|Any CPU = Debug|Any CPU
		Release|Any CPU = Release|Any CPU
	EndGlobalSection
	GlobalSection(ProjectConfigurationPlatforms) = postSolution
		{A087015B-ADDF-4261-AA08-AD1CCE6165C6}.Debug|Any CPU.ActiveCfg = Debug|Any CPU
		{A087015B-ADDF-4261-AA08-AD1CCE6165C6}.Debug|Any CPU.Build.0 = Debug|Any CPU
		{A087015B-ADDF-4261-AA08-AD1CCE6165C6}.Release|Any CPU.ActiveCfg = Release|Any CPU
		{A087015B-ADDF-4261-AA08-AD1CCE6165C6}.Release|Any CPU.Build.0 = Release|Any CPU
		{AF850423-0E70-4EA3-90EE-56E5D843AAD9}.Debug|Any CPU.ActiveCfg = Debug|Any CPU
		{AF850423-0E70-4EA3-90EE-56E5D843AAD9}.Debug|Any CPU.Build.0 = Debug|Any CPU
		{AF850423-0E70-4EA3-90EE-56E5D843AAD9}.Release|Any CPU.ActiveCfg = Release|Any CPU
		{AF850423-0E70-4EA3-90EE-56E5D843AAD9}.Release|Any CPU.Build.0 = Release|Any CPU
	EndGlobalSection
	GlobalSection(SolutionProperties) = preSolution
		HideSolutionNode = FALSE
	EndGlobalSection
EndGlobal
